PODS:
  - tealium-swift (2.6.3):
    - tealium-swift/TealiumFull (= 2.6.3)
  - tealium-swift/Collect (2.6.3):
    - tealium-swift/Core
  - tealium-swift/Core (2.6.3)
  - tealium-swift/Lifecycle (2.6.3):
    - tealium-swift/Core
  - tealium-swift/RemoteCommands (2.6.3):
    - tealium-swift/Core
  - tealium-swift/TagManagement (2.6.3):
    - tealium-swift/Core
  - tealium-swift/TealiumFull (2.6.3)
  - tealium-swift/VisitorService (2.6.3):
    - tealium-swift/Core
  - TealiumWrapperCocoapods (0.1.0):
    - tealium-swift/Collect (~> 2.6)
    - tealium-swift/Core (~> 2.6)
    - tealium-swift/Lifecycle (~> 2.6)
    - tealium-swift/RemoteCommands (~> 2.6)
    - tealium-swift/TagManagement (~> 2.6)
    - tealium-swift/VisitorService (~> 2.6)

DEPENDENCIES:
  - tealium-swift (from `https://github.com/tealium/tealium-swift.git`, branch `remoteCommandsFix`)
  - TealiumWrapperCocoapods (from `../`)

EXTERNAL SOURCES:
  tealium-swift:
    :branch: remoteCommandsFix
    :git: https://github.com/tealium/tealium-swift.git
  TealiumWrapperCocoapods:
    :path: "../"

CHECKOUT OPTIONS:
  tealium-swift:
    :commit: a154832962dd0a23ef102b9e6bd11f8de39cdc65
    :git: https://github.com/tealium/tealium-swift.git

SPEC CHECKSUMS:
  tealium-swift: bb1aa676219e6b6e635b39f83ec5587996c55d04
  TealiumWrapperCocoapods: 9c67ceb8194dea1d5faedb9d5fd987c00d98b4d8

PODFILE CHECKSUM: d9e5c3276c911e29664283c0c2fd19ec14767b24

COCOAPODS: 1.11.2
