PODS:
  - tealium-swift/Collect (2.8.2):
    - tealium-swift/Core
  - tealium-swift/Core (2.8.2)
  - tealium-swift/Lifecycle (2.8.2):
    - tealium-swift/Core
  - tealium-swift/RemoteCommands (2.8.2):
    - tealium-swift/Core
  - tealium-swift/TagManagement (2.8.2):
    - tealium-swift/Core
  - tealium-swift/VisitorService (2.8.2):
    - tealium-swift/Core
  - TealiumWrapperCocoapods (0.1.0):
    - tealium-swift/Collect (~> 2.8)
    - tealium-swift/Core (~> 2.8)
    - tealium-swift/Lifecycle (~> 2.8)
    - tealium-swift/RemoteCommands (~> 2.8)
    - tealium-swift/TagManagement (~> 2.8)
    - tealium-swift/VisitorService (~> 2.8)

DEPENDENCIES:
  - TealiumWrapperCocoapods (from `../`)

SPEC REPOS:
  trunk:
    - tealium-swift

EXTERNAL SOURCES:
  TealiumWrapperCocoapods:
    :path: "../"

SPEC CHECKSUMS:
  tealium-swift: aa249f29ee10924c1cb373c5313e91a99276bfe6
  TealiumWrapperCocoapods: a7f9ad8285314c579ef6b3618ce4a67b68eeaff0

PODFILE CHECKSUM: 6800a209572ea02ecb7c072207c80a86f29098e5

COCOAPODS: 1.11.2
